
Microsoft Visual Studio Solution File, Format Version 12.00
# Visual Studio 15
Project("{FAE04EC0-301F-11D3-BF4B-00C04F79EFBC}") = "Assembly-CSharp", "Assembly-CSharp.csproj", "{3AF33DFE-2AF8-8808-13CE-F98499C71B09}"
EndProject
Project("{FAE04EC0-301F-11D3-BF4B-00C04F79EFBC}") = "ParrelSync", "ParrelSync.csproj", "{9B023312-802F-E9AE-1F9D-C66E1CA2BB1D}"
EndProject
Global
	GlobalSection(SolutionConfigurationPlatforms) = preSolution
		Debug|Any CPU = Debug|Any CPU
		Release|Any CPU = Release|Any CPU
	EndGlobalSection
	GlobalSection(ProjectConfigurationPlatforms) = postSolution
		{3AF33DFE-2AF8-8808-13CE-F98499C71B09}.Debug|Any CPU.ActiveCfg = Debug|Any CPU
		{3AF33DFE-2AF8-8808-13CE-F98499C71B09}.Debug|Any CPU.Build.0 = Debug|Any CPU
		{3AF33DFE-2AF8-8808-13CE-F98499C71B09}.Release|Any CPU.ActiveCfg = Release|Any CPU
		{3AF33DFE-2AF8-8808-13CE-F98499C71B09}.Release|Any CPU.Build.0 = Release|Any CPU
		{9B023312-802F-E9AE-1F9D-C66E1CA2BB1D}.Debug|Any CPU.ActiveCfg = Debug|Any CPU
		{9B023312-802F-E9AE-1F9D-C66E1CA2BB1D}.Debug|Any CPU.Build.0 = Debug|Any CPU
		{9B023312-802F-E9AE-1F9D-C66E1CA2BB1D}.Release|Any CPU.ActiveCfg = Release|Any CPU
		{9B023312-802F-E9AE-1F9D-C66E1CA2BB1D}.Release|Any CPU.Build.0 = Release|Any CPU
	EndGlobalSection
	GlobalSection(SolutionProperties) = preSolution
		HideSolutionNode = FALSE
	EndGlobalSection
EndGlobal
